
Microsoft Visual Studio Solution File, Format Version 12.00
# Visual Studio Version 16
VisualStudioVersion = 16.0.30804.86
MinimumVisualStudioVersion = 10.0.40219.1
Project("{9A19103F-16F7-4668-BE54-9A1E7A4F7556}") = "BotLogic", "BotLogic\BotLogic.csproj", "{583A0B4E-380C-4FE5-9485-339E5EA8D687}"
EndProject
Project("{9A19103F-16F7-4668-BE54-9A1E7A4F7556}") = "WebLogic", "WebLogic\WebLogic.csproj", "{EC5007B0-7344-4473-B7B3-3BFDFE73E8DA}"
EndProject
Project("{9A19103F-16F7-4668-BE54-9A1E7A4F7556}") = "ConsoleTelegramBot", "ConsoleTelegramBot\ConsoleTelegramBot.csproj", "{C0964966-BF5D-44CD-A8A4-D942E24FB703}"
EndProject
Project("{FAE04EC0-301F-11D3-BF4B-00C04F79EFBC}") = "Tests", "Tests\Tests.csproj", "{C2A8E3A4-480A-49AA-A738-264E3A30EC84}"
EndProject
Global
	GlobalSection(SolutionConfigurationPlatforms) = preSolution
		Debug|Any CPU = Debug|Any CPU
		Release|Any CPU = Release|Any CPU
	EndGlobalSection
	GlobalSection(ProjectConfigurationPlatforms) = postSolution
		{583A0B4E-380C-4FE5-9485-339E5EA8D687}.Debug|Any CPU.ActiveCfg = Debug|Any CPU
		{583A0B4E-380C-4FE5-9485-339E5EA8D687}.Debug|Any CPU.Build.0 = Debug|Any CPU
		{583A0B4E-380C-4FE5-9485-339E5EA8D687}.Release|Any CPU.ActiveCfg = Release|Any CPU
		{583A0B4E-380C-4FE5-9485-339E5EA8D687}.Release|Any CPU.Build.0 = Release|Any CPU
		{EC5007B0-7344-4473-B7B3-3BFDFE73E8DA}.Debug|Any CPU.ActiveCfg = Debug|Any CPU
		{EC5007B0-7344-4473-B7B3-3BFDFE73E8DA}.Debug|Any CPU.Build.0 = Debug|Any CPU
		{EC5007B0-7344-4473-B7B3-3BFDFE73E8DA}.Release|Any CPU.ActiveCfg = Release|Any CPU
		{EC5007B0-7344-4473-B7B3-3BFDFE73E8DA}.Release|Any CPU.Build.0 = Release|Any CPU
		{C0964966-BF5D-44CD-A8A4-D942E24FB703}.Debug|Any CPU.ActiveCfg = Debug|Any CPU
		{C0964966-BF5D-44CD-A8A4-D942E24FB703}.Debug|Any CPU.Build.0 = Debug|Any CPU
		{C0964966-BF5D-44CD-A8A4-D942E24FB703}.Release|Any CPU.ActiveCfg = Release|Any CPU
		{C0964966-BF5D-44CD-A8A4-D942E24FB703}.Release|Any CPU.Build.0 = Release|Any CPU
		{C2A8E3A4-480A-49AA-A738-264E3A30EC84}.Debug|Any CPU.ActiveCfg = Debug|Any CPU
		{C2A8E3A4-480A-49AA-A738-264E3A30EC84}.Debug|Any CPU.Build.0 = Debug|Any CPU
		{C2A8E3A4-480A-49AA-A738-264E3A30EC84}.Release|Any CPU.ActiveCfg = Release|Any CPU
		{C2A8E3A4-480A-49AA-A738-264E3A30EC84}.Release|Any CPU.Build.0 = Release|Any CPU
	EndGlobalSection
	GlobalSection(SolutionProperties) = preSolution
		HideSolutionNode = FALSE
	EndGlobalSection
	GlobalSection(ExtensibilityGlobals) = postSolution
		SolutionGuid = {52BEAA30-3A26-41F0-9BDA-4C20F26B2D67}
	EndGlobalSection
EndGlobal
